// !$*UTF8*$!
{
	archiveVersion = 1;
	classes = {
	};
	objectVersion = 50;
	objects = {

/* Begin PBXBuildFile section */
		3A16A6B222C9BBD30051AC11 /* AppScaffold.framework in Frameworks */ = {isa = PBXBuildFile; fileRef = 3A16A6AF22C9BB5E0051AC11 /* AppScaffold.framework */; };
		3A1AE008222EADA700AA7A9C /* NamesViewController.m in Sources */ = {isa = PBXBuildFile; fileRef = 3A1AE006222EADA700AA7A9C /* NamesViewController.m */; };
		3A1AE009222EADA700AA7A9C /* NamesViewController.xib in Resources */ = {isa = PBXBuildFile; fileRef = 3A1AE007222EADA700AA7A9C /* NamesViewController.xib */; };
		3A3DB3342230C01F0095A885 /* CreateCNNameDetailViewController.m in Sources */ = {isa = PBXBuildFile; fileRef = 3A3DB3322230C01F0095A885 /* CreateCNNameDetailViewController.m */; };
		3A3DB3352230C01F0095A885 /* CreateCNNameDetailViewController.xib in Resources */ = {isa = PBXBuildFile; fileRef = 3A3DB3332230C01F0095A885 /* CreateCNNameDetailViewController.xib */; };
		3A4B424D222A243300F2DB73 /* FSCachePath.m in Sources */ = {isa = PBXBuildFile; fileRef = 3A4B41C9222A243200F2DB73 /* FSCachePath.m */; };
		3A4B424E222A243300F2DB73 /* FSCacheManager.m in Sources */ = {isa = PBXBuildFile; fileRef = 3A4B41CB222A243200F2DB73 /* FSCacheManager.m */; };
		3A4B4250222A243300F2DB73 /* GeneralTableViewCell.m in Sources */ = {isa = PBXBuildFile; fileRef = 3A4B41D7222A243200F2DB73 /* GeneralTableViewCell.m */; };
		3A4B4251222A243300F2DB73 /* GeneralCollectionViewCell.m in Sources */ = {isa = PBXBuildFile; fileRef = 3A4B41D8222A243200F2DB73 /* GeneralCollectionViewCell.m */; };
		3A4B4252222A243300F2DB73 /* GeneralCollectionViewCell.xib in Resources */ = {isa = PBXBuildFile; fileRef = 3A4B41D9222A243200F2DB73 /* GeneralCollectionViewCell.xib */; };
		3A4B4253222A243300F2DB73 /* GeneralTableViewCell.xib in Resources */ = {isa = PBXBuildFile; fileRef = 3A4B41DD222A243200F2DB73 /* GeneralTableViewCell.xib */; };
		3A4B4255222A243300F2DB73 /* GeneralView.m in Sources */ = {isa = PBXBuildFile; fileRef = 3A4B41E1222A243200F2DB73 /* GeneralView.m */; };
		3A4B4257222A243300F2DB73 /* GeneralView.xib in Resources */ = {isa = PBXBuildFile; fileRef = 3A4B41E3222A243200F2DB73 /* GeneralView.xib */; };
		3A4B4258222A243300F2DB73 /* ESTimer.m in Sources */ = {isa = PBXBuildFile; fileRef = 3A4B41E6222A243200F2DB73 /* ESTimer.m */; };
		3A4B425A222A243300F2DB73 /* ExpandView.m in Sources */ = {isa = PBXBuildFile; fileRef = 3A4B41EB222A243200F2DB73 /* ExpandView.m */; };
		3A4B425D222A243300F2DB73 /* Reachability.m in Sources */ = {isa = PBXBuildFile; fileRef = 3A4B41F0222A243200F2DB73 /* Reachability.m */; };
		3A4B425E222A243300F2DB73 /* ViewTool.m in Sources */ = {isa = PBXBuildFile; fileRef = 3A4B41F2222A243200F2DB73 /* ViewTool.m */; };
		3A4B425F222A243300F2DB73 /* ModelTool.m in Sources */ = {isa = PBXBuildFile; fileRef = 3A4B41F4222A243200F2DB73 /* ModelTool.m */; };
		3A4B4260222A243300F2DB73 /* GeneralTool.m in Sources */ = {isa = PBXBuildFile; fileRef = 3A4B41F5222A243200F2DB73 /* GeneralTool.m */; };
		3A4B4262222A243300F2DB73 /* ToolImage.xcassets in Resources */ = {isa = PBXBuildFile; fileRef = 3A4B41F8222A243200F2DB73 /* ToolImage.xcassets */; };
		3A4B4263222A243300F2DB73 /* StringTool.m in Sources */ = {isa = PBXBuildFile; fileRef = 3A4B41FD222A243200F2DB73 /* StringTool.m */; };
		3A4B4267222A243300F2DB73 /* BaseWebViewController.m in Sources */ = {isa = PBXBuildFile; fileRef = 3A4B4207222A243200F2DB73 /* BaseWebViewController.m */; };
		3A4B4268222A243300F2DB73 /* BaseNavViewController.m in Sources */ = {isa = PBXBuildFile; fileRef = 3A4B4208222A243200F2DB73 /* BaseNavViewController.m */; };
		3A4B4269222A243300F2DB73 /* BaseViewController.m in Sources */ = {isa = PBXBuildFile; fileRef = 3A4B4209222A243200F2DB73 /* BaseViewController.m */; };
		3A4B426A222A243300F2DB73 /* BaseNavViewController.xib in Resources */ = {isa = PBXBuildFile; fileRef = 3A4B420A222A243200F2DB73 /* BaseNavViewController.xib */; };
		3A4B426D222A243300F2DB73 /* RequestDownloader.m in Sources */ = {isa = PBXBuildFile; fileRef = 3A4B4214222A243200F2DB73 /* RequestDownloader.m */; };
		3A4B426E222A243300F2DB73 /* RequestHelper.m in Sources */ = {isa = PBXBuildFile; fileRef = 3A4B4216222A243200F2DB73 /* RequestHelper.m */; };
		3A4B426F222A243300F2DB73 /* RequestMannager.m in Sources */ = {isa = PBXBuildFile; fileRef = 3A4B4218222A243200F2DB73 /* RequestMannager.m */; };
		3A4B427C222A243300F2DB73 /* MD5Encrypt.m in Sources */ = {isa = PBXBuildFile; fileRef = 3A4B423A222A243200F2DB73 /* MD5Encrypt.m */; };
		3A4B427D222A243300F2DB73 /* AESCipher.m in Sources */ = {isa = PBXBuildFile; fileRef = 3A4B423D222A243200F2DB73 /* AESCipher.m */; };
		3A4B427E222A243300F2DB73 /* UUID.m in Sources */ = {isa = PBXBuildFile; fileRef = 3A4B4242222A243200F2DB73 /* UUID.m */; };
		3A4B427F222A243300F2DB73 /* KeyChainStore.m in Sources */ = {isa = PBXBuildFile; fileRef = 3A4B4243222A243200F2DB73 /* KeyChainStore.m */; };
		3A4B4282222A243300F2DB73 /* Chinese-Localizable.strings in Resources */ = {isa = PBXBuildFile; fileRef = 3A4B4249222A243200F2DB73 /* Chinese-Localizable.strings */; };
		3A4B4283222A243300F2DB73 /* English-Localizable.strings in Resources */ = {isa = PBXBuildFile; fileRef = 3A4B424A222A243200F2DB73 /* English-Localizable.strings */; };
		3A4B4287222A2F7200F2DB73 /* FindName_AgeViewController.m in Sources */ = {isa = PBXBuildFile; fileRef = 3A4B4285222A2F7200F2DB73 /* FindName_AgeViewController.m */; };
		3A4B4288222A2F7200F2DB73 /* FindName_AgeViewController.xib in Resources */ = {isa = PBXBuildFile; fileRef = 3A4B4286222A2F7200F2DB73 /* FindName_AgeViewController.xib */; };
		3A51F5EE222F73150064A039 /* NamesResource.xcassets in Resources */ = {isa = PBXBuildFile; fileRef = 3A51F5ED222F73150064A039 /* NamesResource.xcassets */; };
		3A60CAC2222B8332007E5624 /* NameListViewController.m in Sources */ = {isa = PBXBuildFile; fileRef = 3A60CAC0222B8332007E5624 /* NameListViewController.m */; };
		3A60CAC3222B8332007E5624 /* NameListViewController.xib in Resources */ = {isa = PBXBuildFile; fileRef = 3A60CAC1222B8332007E5624 /* NameListViewController.xib */; };
		3A6C84DA222A34AB002190DF /* FindName_JobViewController.m in Sources */ = {isa = PBXBuildFile; fileRef = 3A6C84D8222A34AB002190DF /* FindName_JobViewController.m */; };
		3A6C84DB222A34AB002190DF /* FindName_JobViewController.xib in Resources */ = {isa = PBXBuildFile; fileRef = 3A6C84D9222A34AB002190DF /* FindName_JobViewController.xib */; };
		3A80432F2228DEE30039B8E0 /* FindNameViewController.m in Sources */ = {isa = PBXBuildFile; fileRef = 3A80432D2228DEE30039B8E0 /* FindNameViewController.m */; };
		3A8043302228DEE30039B8E0 /* FindNameViewController.xib in Resources */ = {isa = PBXBuildFile; fileRef = 3A80432E2228DEE30039B8E0 /* FindNameViewController.xib */; };
		3A804333222A0CB30039B8E0 /* FindName_Resource.xcassets in Resources */ = {isa = PBXBuildFile; fileRef = 3A804332222A0CB30039B8E0 /* FindName_Resource.xcassets */; };
		3A984C672226BC6000E5BF16 /* AppDelegate.m in Sources */ = {isa = PBXBuildFile; fileRef = 3A984C662226BC6000E5BF16 /* AppDelegate.m */; };
		3A984C6F2226BC6200E5BF16 /* Assets.xcassets in Resources */ = {isa = PBXBuildFile; fileRef = 3A984C6E2226BC6200E5BF16 /* Assets.xcassets */; };
		3A984C722226BC6200E5BF16 /* LaunchScreen.storyboard in Resources */ = {isa = PBXBuildFile; fileRef = 3A984C702226BC6200E5BF16 /* LaunchScreen.storyboard */; };
		3A984C752226BC6200E5BF16 /* main.m in Sources */ = {isa = PBXBuildFile; fileRef = 3A984C742226BC6200E5BF16 /* main.m */; };
		3A984CA12226CED800E5BF16 /* HomeViewController.m in Sources */ = {isa = PBXBuildFile; fileRef = 3A984C9F2226CED800E5BF16 /* HomeViewController.m */; };
		3A984CA22226CED800E5BF16 /* HomeViewController.xib in Resources */ = {isa = PBXBuildFile; fileRef = 3A984CA02226CED800E5BF16 /* HomeViewController.xib */; };
		3AB2E2262238F249000BC072 /* NameRequestTool.m in Sources */ = {isa = PBXBuildFile; fileRef = 3AB2E2252238F249000BC072 /* NameRequestTool.m */; };
		3ABA3795222CD7D400A25300 /* FSCardView.m in Sources */ = {isa = PBXBuildFile; fileRef = 3ABA3794222CD7D400A25300 /* FSCardView.m */; };
		3AC3C83822374D8600FE825B /* NameListDetailView.m in Sources */ = {isa = PBXBuildFile; fileRef = 3AC3C83722374D8600FE825B /* NameListDetailView.m */; };
		3AC3C83A22374D9300FE825B /* NameListDetailView.xib in Resources */ = {isa = PBXBuildFile; fileRef = 3AC3C83922374D9300FE825B /* NameListDetailView.xib */; };
		3AC3C840223782A100FE825B /* SettingViewController.m in Sources */ = {isa = PBXBuildFile; fileRef = 3AC3C83E223782A100FE825B /* SettingViewController.m */; };
		3AC3C841223782A100FE825B /* SettingViewController.xib in Resources */ = {isa = PBXBuildFile; fileRef = 3AC3C83F223782A100FE825B /* SettingViewController.xib */; };
		3ACC16FC222FADC90057EE23 /* SearchNamesView.m in Sources */ = {isa = PBXBuildFile; fileRef = 3ACC16FB222FADC90057EE23 /* SearchNamesView.m */; };
		3ACC16FE222FADE20057EE23 /* SearchNamesView.xib in Resources */ = {isa = PBXBuildFile; fileRef = 3ACC16FD222FADE20057EE23 /* SearchNamesView.xib */; };
		3ACC170F2230B7F20057EE23 /* CreateCNNameViewController.m in Sources */ = {isa = PBXBuildFile; fileRef = 3ACC170D2230B7F20057EE23 /* CreateCNNameViewController.m */; };
		3ACC17102230B7F20057EE23 /* CreateCNNameViewController.xib in Resources */ = {isa = PBXBuildFile; fileRef = 3ACC170E2230B7F20057EE23 /* CreateCNNameViewController.xib */; };
		3AF3EA7A22759749002870E8 /* k_names_detail.txt in Resources */ = {isa = PBXBuildFile; fileRef = 3AF3EA5A22759748002870E8 /* k_names_detail.txt */; };
		3AF3EA7B22759749002870E8 /* t_names_detail.txt in Resources */ = {isa = PBXBuildFile; fileRef = 3AF3EA5B22759748002870E8 /* t_names_detail.txt */; };
		3AF3EA7C22759749002870E8 /* cn_boy_name_word.txt in Resources */ = {isa = PBXBuildFile; fileRef = 3AF3EA5C22759748002870E8 /* cn_boy_name_word.txt */; };
		3AF3EA7D22759749002870E8 /* p_names_detail.txt in Resources */ = {isa = PBXBuildFile; fileRef = 3AF3EA5D22759748002870E8 /* p_names_detail.txt */; };
		3AF3EA7E22759749002870E8 /* d_names_detail.txt in Resources */ = {isa = PBXBuildFile; fileRef = 3AF3EA5E22759748002870E8 /* d_names_detail.txt */; };
		3AF3EA7F22759749002870E8 /* all_names.txt in Resources */ = {isa = PBXBuildFile; fileRef = 3AF3EA5F22759748002870E8 /* all_names.txt */; };
		3AF3EA8022759749002870E8 /* o_names_detail.txt in Resources */ = {isa = PBXBuildFile; fileRef = 3AF3EA6022759748002870E8 /* o_names_detail.txt */; };
		3AF3EA8122759749002870E8 /* j_names_detail.txt in Resources */ = {isa = PBXBuildFile; fileRef = 3AF3EA6122759748002870E8 /* j_names_detail.txt */; };
		3AF3EA8222759749002870E8 /* a_names_detail.txt in Resources */ = {isa = PBXBuildFile; fileRef = 3AF3EA6222759748002870E8 /* a_names_detail.txt */; };
		3AF3EA8322759749002870E8 /* u_names_detail.txt in Resources */ = {isa = PBXBuildFile; fileRef = 3AF3EA6322759748002870E8 /* u_names_detail.txt */; };
		3AF3EA8422759749002870E8 /* e_names_detail.txt in Resources */ = {isa = PBXBuildFile; fileRef = 3AF3EA6422759748002870E8 /* e_names_detail.txt */; };
		3AF3EA8522759749002870E8 /* q_names_detail.txt in Resources */ = {isa = PBXBuildFile; fileRef = 3AF3EA6522759748002870E8 /* q_names_detail.txt */; };
		3AF3EA8622759749002870E8 /* z_names_detail.txt in Resources */ = {isa = PBXBuildFile; fileRef = 3AF3EA6622759748002870E8 /* z_names_detail.txt */; };
		3AF3EA8722759749002870E8 /* n_names_detail.txt in Resources */ = {isa = PBXBuildFile; fileRef = 3AF3EA6722759748002870E8 /* n_names_detail.txt */; };
		3AF3EA8822759749002870E8 /* b_names_detail.txt in Resources */ = {isa = PBXBuildFile; fileRef = 3AF3EA6822759748002870E8 /* b_names_detail.txt */; };
		3AF3EA8922759749002870E8 /* v_names_detail.txt in Resources */ = {isa = PBXBuildFile; fileRef = 3AF3EA6922759748002870E8 /* v_names_detail.txt */; };
		3AF3EA8A22759749002870E8 /* cn_all_first_name.txt in Resources */ = {isa = PBXBuildFile; fileRef = 3AF3EA6A22759748002870E8 /* cn_all_first_name.txt */; };
		3AF3EA8B22759749002870E8 /* i_names_detail.txt in Resources */ = {isa = PBXBuildFile; fileRef = 3AF3EA6B22759748002870E8 /* i_names_detail.txt */; };
		3AF3EA8C22759749002870E8 /* y_names_detail.txt in Resources */ = {isa = PBXBuildFile; fileRef = 3AF3EA6C22759748002870E8 /* y_names_detail.txt */; };
		3AF3EA8D22759749002870E8 /* m_names_detail.txt in Resources */ = {isa = PBXBuildFile; fileRef = 3AF3EA6D22759748002870E8 /* m_names_detail.txt */; };
		3AF3EA8E22759749002870E8 /* all_names_detail.txt in Resources */ = {isa = PBXBuildFile; fileRef = 3AF3EA6E22759748002870E8 /* all_names_detail.txt */; };
		3AF3EA8F22759749002870E8 /* f_names_detail.txt in Resources */ = {isa = PBXBuildFile; fileRef = 3AF3EA6F22759748002870E8 /* f_names_detail.txt */; };
		3AF3EA9022759749002870E8 /* r_names_detail.txt in Resources */ = {isa = PBXBuildFile; fileRef = 3AF3EA7022759748002870E8 /* r_names_detail.txt */; };
		3AF3EA9122759749002870E8 /* first_name_link.txt in Resources */ = {isa = PBXBuildFile; fileRef = 3AF3EA7122759748002870E8 /* first_name_link.txt */; };
		3AF3EA9222759749002870E8 /* w_names_detail.txt in Resources */ = {isa = PBXBuildFile; fileRef = 3AF3EA7222759748002870E8 /* w_names_detail.txt */; };
		3AF3EA9322759749002870E8 /* c_names_detail.txt in Resources */ = {isa = PBXBuildFile; fileRef = 3AF3EA7322759748002870E8 /* c_names_detail.txt */; };
		3AF3EA9422759749002870E8 /* h_names_detail.txt in Resources */ = {isa = PBXBuildFile; fileRef = 3AF3EA7422759748002870E8 /* h_names_detail.txt */; };
		3AF3EA9522759749002870E8 /* l_names_detail.txt in Resources */ = {isa = PBXBuildFile; fileRef = 3AF3EA7522759748002870E8 /* l_names_detail.txt */; };
		3AF3EA9622759749002870E8 /* x_names_detail.txt in Resources */ = {isa = PBXBuildFile; fileRef = 3AF3EA7622759748002870E8 /* x_names_detail.txt */; };
		3AF3EA9722759749002870E8 /* cn_girl_name_word.txt in Resources */ = {isa = PBXBuildFile; fileRef = 3AF3EA7722759748002870E8 /* cn_girl_name_word.txt */; };
		3AF3EA9822759749002870E8 /* s_names_detail.txt in Resources */ = {isa = PBXBuildFile; fileRef = 3AF3EA7822759748002870E8 /* s_names_detail.txt */; };
		3AF3EA9922759749002870E8 /* g_names_detail.txt in Resources */ = {isa = PBXBuildFile; fileRef = 3AF3EA7922759748002870E8 /* g_names_detail.txt */; };
/* End PBXBuildFile section */

/* Begin PBXFileReference section */
		3A16A6AF22C9BB5E0051AC11 /* AppScaffold.framework */ = {isa = PBXFileReference; lastKnownFileType = wrapper.framework; path = AppScaffold.framework; sourceTree = "<group>"; };
		3A16A6B022C9BB5E0051AC11 /* ClassExtensionHeaders.h */ = {isa = PBXFileReference; fileEncoding = 4; lastKnownFileType = sourcecode.c.h; path = ClassExtensionHeaders.h; sourceTree = "<group>"; };
		3A1AE005222EADA700AA7A9C /* NamesViewController.h */ = {isa = PBXFileReference; lastKnownFileType = sourcecode.c.h; path = NamesViewController.h; sourceTree = "<group>"; };
		3A1AE006222EADA700AA7A9C /* NamesViewController.m */ = {isa = PBXFileReference; lastKnownFileType = sourcecode.c.objc; path = NamesViewController.m; sourceTree = "<group>"; };
		3A1AE007222EADA700AA7A9C /* NamesViewController.xib */ = {isa = PBXFileReference; lastKnownFileType = file.xib; path = NamesViewController.xib; sourceTree = "<group>"; };
		3A3DB3312230C01F0095A885 /* CreateCNNameDetailViewController.h */ = {isa = PBXFileReference; lastKnownFileType = sourcecode.c.h; path = CreateCNNameDetailViewController.h; sourceTree = "<group>"; };
		3A3DB3322230C01F0095A885 /* CreateCNNameDetailViewController.m */ = {isa = PBXFileReference; lastKnownFileType = sourcecode.c.objc; path = CreateCNNameDetailViewController.m; sourceTree = "<group>"; };
		3A3DB3332230C01F0095A885 /* CreateCNNameDetailViewController.xib */ = {isa = PBXFileReference; lastKnownFileType = file.xib; path = CreateCNNameDetailViewController.xib; sourceTree = "<group>"; };
		3A4B41C4222A23E500F2DB73 /* AppScaffold.framework */ = {isa = PBXFileReference; lastKnownFileType = wrapper.framework; name = AppScaffold.framework; path = "../../SH/dqh/换成放心贷的UI/QHWallet/Componentized/AppScaffold.framework"; sourceTree = "<group>"; };
		3A4B41C9222A243200F2DB73 /* FSCachePath.m */ = {isa = PBXFileReference; fileEncoding = 4; lastKnownFileType = sourcecode.c.objc; path = FSCachePath.m; sourceTree = "<group>"; };
		3A4B41CA222A243200F2DB73 /* FSCacheManager.h */ = {isa = PBXFileReference; fileEncoding = 4; lastKnownFileType = sourcecode.c.h; path = FSCacheManager.h; sourceTree = "<group>"; };
		3A4B41CB222A243200F2DB73 /* FSCacheManager.m */ = {isa = PBXFileReference; fileEncoding = 4; lastKnownFileType = sourcecode.c.objc; path = FSCacheManager.m; sourceTree = "<group>"; };
		3A4B41CC222A243200F2DB73 /* FSCachePath.h */ = {isa = PBXFileReference; fileEncoding = 4; lastKnownFileType = sourcecode.c.h; path = FSCachePath.h; sourceTree = "<group>"; };
		3A4B41CF222A243200F2DB73 /* PrefixHeader_ConfigurationInfo.h */ = {isa = PBXFileReference; fileEncoding = 4; lastKnownFileType = sourcecode.c.h; path = PrefixHeader_ConfigurationInfo.h; sourceTree = "<group>"; };
		3A4B41D0222A243200F2DB73 /* PrefixHeader_CommonInfo.h */ = {isa = PBXFileReference; fileEncoding = 4; lastKnownFileType = sourcecode.c.h; path = PrefixHeader_CommonInfo.h; sourceTree = "<group>"; };
		3A4B41D1222A243200F2DB73 /* PrefixHeader_Headers.h */ = {isa = PBXFileReference; fileEncoding = 4; lastKnownFileType = sourcecode.c.h; path = PrefixHeader_Headers.h; sourceTree = "<group>"; };
		3A4B41D2222A243200F2DB73 /* PrefixHeader_GlobalStaticInfo.h */ = {isa = PBXFileReference; fileEncoding = 4; lastKnownFileType = sourcecode.c.h; path = PrefixHeader_GlobalStaticInfo.h; sourceTree = "<group>"; };
		3A4B41D3222A243200F2DB73 /* PrefixHeader_GenneralTool.h */ = {isa = PBXFileReference; fileEncoding = 4; lastKnownFileType = sourcecode.c.h; path = PrefixHeader_GenneralTool.h; sourceTree = "<group>"; };
		3A4B41D4222A243200F2DB73 /* PrefixHeader.pch */ = {isa = PBXFileReference; fileEncoding = 4; lastKnownFileType = sourcecode.c.h; path = PrefixHeader.pch; sourceTree = "<group>"; };
		3A4B41D5222A243200F2DB73 /* PrefixHeader_PromptMessage.h */ = {isa = PBXFileReference; fileEncoding = 4; lastKnownFileType = sourcecode.c.h; path = PrefixHeader_PromptMessage.h; sourceTree = "<group>"; };
		3A4B41D7222A243200F2DB73 /* GeneralTableViewCell.m */ = {isa = PBXFileReference; fileEncoding = 4; lastKnownFileType = sourcecode.c.objc; path = GeneralTableViewCell.m; sourceTree = "<group>"; };
		3A4B41D8222A243200F2DB73 /* GeneralCollectionViewCell.m */ = {isa = PBXFileReference; fileEncoding = 4; lastKnownFileType = sourcecode.c.objc; path = GeneralCollectionViewCell.m; sourceTree = "<group>"; };
		3A4B41D9222A243200F2DB73 /* GeneralCollectionViewCell.xib */ = {isa = PBXFileReference; fileEncoding = 4; lastKnownFileType = file.xib; path = GeneralCollectionViewCell.xib; sourceTree = "<group>"; };
		3A4B41DB222A243200F2DB73 /* GeneralView.h */ = {isa = PBXFileReference; fileEncoding = 4; lastKnownFileType = sourcecode.c.h; path = GeneralView.h; sourceTree = "<group>"; };
		3A4B41DD222A243200F2DB73 /* GeneralTableViewCell.xib */ = {isa = PBXFileReference; fileEncoding = 4; lastKnownFileType = file.xib; path = GeneralTableViewCell.xib; sourceTree = "<group>"; };
		3A4B41DE222A243200F2DB73 /* GeneralCollectionViewCell.h */ = {isa = PBXFileReference; fileEncoding = 4; lastKnownFileType = sourcecode.c.h; path = GeneralCollectionViewCell.h; sourceTree = "<group>"; };
		3A4B41DF222A243200F2DB73 /* GeneralTableViewCell.h */ = {isa = PBXFileReference; fileEncoding = 4; lastKnownFileType = sourcecode.c.h; path = GeneralTableViewCell.h; sourceTree = "<group>"; };
		3A4B41E1222A243200F2DB73 /* GeneralView.m */ = {isa = PBXFileReference; fileEncoding = 4; lastKnownFileType = sourcecode.c.objc; path = GeneralView.m; sourceTree = "<group>"; };
		3A4B41E3222A243200F2DB73 /* GeneralView.xib */ = {isa = PBXFileReference; fileEncoding = 4; lastKnownFileType = file.xib; path = GeneralView.xib; sourceTree = "<group>"; };
		3A4B41E5222A243200F2DB73 /* ESTimer.h */ = {isa = PBXFileReference; fileEncoding = 4; lastKnownFileType = sourcecode.c.h; path = ESTimer.h; sourceTree = "<group>"; };
		3A4B41E6222A243200F2DB73 /* ESTimer.m */ = {isa = PBXFileReference; fileEncoding = 4; lastKnownFileType = sourcecode.c.objc; path = ESTimer.m; sourceTree = "<group>"; };
		3A4B41E8222A243200F2DB73 /* ExpandView.h */ = {isa = PBXFileReference; fileEncoding = 4; lastKnownFileType = sourcecode.c.h; path = ExpandView.h; sourceTree = "<group>"; };
		3A4B41EB222A243200F2DB73 /* ExpandView.m */ = {isa = PBXFileReference; fileEncoding = 4; lastKnownFileType = sourcecode.c.objc; path = ExpandView.m; sourceTree = "<group>"; };
		3A4B41F0222A243200F2DB73 /* Reachability.m */ = {isa = PBXFileReference; fileEncoding = 4; lastKnownFileType = sourcecode.c.objc; path = Reachability.m; sourceTree = "<group>"; };
		3A4B41F2222A243200F2DB73 /* ViewTool.m */ = {isa = PBXFileReference; fileEncoding = 4; lastKnownFileType = sourcecode.c.objc; path = ViewTool.m; sourceTree = "<group>"; };
		3A4B41F3222A243200F2DB73 /* StringTool.h */ = {isa = PBXFileReference; fileEncoding = 4; lastKnownFileType = sourcecode.c.h; path = StringTool.h; sourceTree = "<group>"; };
		3A4B41F4222A243200F2DB73 /* ModelTool.m */ = {isa = PBXFileReference; fileEncoding = 4; lastKnownFileType = sourcecode.c.objc; path = ModelTool.m; sourceTree = "<group>"; };
		3A4B41F5222A243200F2DB73 /* GeneralTool.m */ = {isa = PBXFileReference; fileEncoding = 4; lastKnownFileType = sourcecode.c.objc; path = GeneralTool.m; sourceTree = "<group>"; };
		3A4B41F7222A243200F2DB73 /* Reachability.h */ = {isa = PBXFileReference; fileEncoding = 4; lastKnownFileType = sourcecode.c.h; path = Reachability.h; sourceTree = "<group>"; };
		3A4B41F8222A243200F2DB73 /* ToolImage.xcassets */ = {isa = PBXFileReference; lastKnownFileType = folder.assetcatalog; path = ToolImage.xcassets; sourceTree = "<group>"; };
		3A4B41F9222A243200F2DB73 /* ToolHeader.h */ = {isa = PBXFileReference; fileEncoding = 4; lastKnownFileType = sourcecode.c.h; path = ToolHeader.h; sourceTree = "<group>"; };
		3A4B41FA222A243200F2DB73 /* ViewTool.h */ = {isa = PBXFileReference; fileEncoding = 4; lastKnownFileType = sourcecode.c.h; path = ViewTool.h; sourceTree = "<group>"; };
		3A4B41FB222A243200F2DB73 /* GeneralTool.h */ = {isa = PBXFileReference; fileEncoding = 4; lastKnownFileType = sourcecode.c.h; path = GeneralTool.h; sourceTree = "<group>"; };
		3A4B41FC222A243200F2DB73 /* ModelTool.h */ = {isa = PBXFileReference; fileEncoding = 4; lastKnownFileType = sourcecode.c.h; path = ModelTool.h; sourceTree = "<group>"; };
		3A4B41FD222A243200F2DB73 /* StringTool.m */ = {isa = PBXFileReference; fileEncoding = 4; lastKnownFileType = sourcecode.c.objc; path = StringTool.m; sourceTree = "<group>"; };
		3A4B4207222A243200F2DB73 /* BaseWebViewController.m */ = {isa = PBXFileReference; fileEncoding = 4; lastKnownFileType = sourcecode.c.objc; path = BaseWebViewController.m; sourceTree = "<group>"; };
		3A4B4208222A243200F2DB73 /* BaseNavViewController.m */ = {isa = PBXFileReference; fileEncoding = 4; lastKnownFileType = sourcecode.c.objc; path = BaseNavViewController.m; sourceTree = "<group>"; };
		3A4B4209222A243200F2DB73 /* BaseViewController.m */ = {isa = PBXFileReference; fileEncoding = 4; lastKnownFileType = sourcecode.c.objc; path = BaseViewController.m; sourceTree = "<group>"; };
		3A4B420A222A243200F2DB73 /* BaseNavViewController.xib */ = {isa = PBXFileReference; fileEncoding = 4; lastKnownFileType = file.xib; path = BaseNavViewController.xib; sourceTree = "<group>"; };
		3A4B420B222A243200F2DB73 /* BaseNavViewController.h */ = {isa = PBXFileReference; fileEncoding = 4; lastKnownFileType = sourcecode.c.h; path = BaseNavViewController.h; sourceTree = "<group>"; };
		3A4B420C222A243200F2DB73 /* BaseWebViewController.h */ = {isa = PBXFileReference; fileEncoding = 4; lastKnownFileType = sourcecode.c.h; path = BaseWebViewController.h; sourceTree = "<group>"; };
		3A4B420D222A243200F2DB73 /* BaseViewController.h */ = {isa = PBXFileReference; fileEncoding = 4; lastKnownFileType = sourcecode.c.h; path = BaseViewController.h; sourceTree = "<group>"; };
		3A4B4214222A243200F2DB73 /* RequestDownloader.m */ = {isa = PBXFileReference; fileEncoding = 4; lastKnownFileType = sourcecode.c.objc; path = RequestDownloader.m; sourceTree = "<group>"; };
		3A4B4215222A243200F2DB73 /* RequestMannager.h */ = {isa = PBXFileReference; fileEncoding = 4; lastKnownFileType = sourcecode.c.h; path = RequestMannager.h; sourceTree = "<group>"; };
		3A4B4216222A243200F2DB73 /* RequestHelper.m */ = {isa = PBXFileReference; fileEncoding = 4; lastKnownFileType = sourcecode.c.objc; path = RequestHelper.m; sourceTree = "<group>"; };
		3A4B4217222A243200F2DB73 /* RequestDownloader.h */ = {isa = PBXFileReference; fileEncoding = 4; lastKnownFileType = sourcecode.c.h; path = RequestDownloader.h; sourceTree = "<group>"; };
		3A4B4218222A243200F2DB73 /* RequestMannager.m */ = {isa = PBXFileReference; fileEncoding = 4; lastKnownFileType = sourcecode.c.objc; path = RequestMannager.m; sourceTree = "<group>"; };
		3A4B4219222A243200F2DB73 /* RequestHelper.h */ = {isa = PBXFileReference; fileEncoding = 4; lastKnownFileType = sourcecode.c.h; path = RequestHelper.h; sourceTree = "<group>"; };
		3A4B423A222A243200F2DB73 /* MD5Encrypt.m */ = {isa = PBXFileReference; fileEncoding = 4; lastKnownFileType = sourcecode.c.objc; path = MD5Encrypt.m; sourceTree = "<group>"; };
		3A4B423B222A243200F2DB73 /* MD5Encrypt.h */ = {isa = PBXFileReference; fileEncoding = 4; lastKnownFileType = sourcecode.c.h; path = MD5Encrypt.h; sourceTree = "<group>"; };
		3A4B423D222A243200F2DB73 /* AESCipher.m */ = {isa = PBXFileReference; fileEncoding = 4; lastKnownFileType = sourcecode.c.objc; path = AESCipher.m; sourceTree = "<group>"; };
		3A4B423E222A243200F2DB73 /* AESCipher.h */ = {isa = PBXFileReference; fileEncoding = 4; lastKnownFileType = sourcecode.c.h; path = AESCipher.h; sourceTree = "<group>"; };
		3A4B4240222A243200F2DB73 /* KeyChainStore.h */ = {isa = PBXFileReference; fileEncoding = 4; lastKnownFileType = sourcecode.c.h; path = KeyChainStore.h; sourceTree = "<group>"; };
		3A4B4241222A243200F2DB73 /* UUID.h */ = {isa = PBXFileReference; fileEncoding = 4; lastKnownFileType = sourcecode.c.h; path = UUID.h; sourceTree = "<group>"; };
		3A4B4242222A243200F2DB73 /* UUID.m */ = {isa = PBXFileReference; fileEncoding = 4; lastKnownFileType = sourcecode.c.objc; path = UUID.m; sourceTree = "<group>"; };
		3A4B4243222A243200F2DB73 /* KeyChainStore.m */ = {isa = PBXFileReference; fileEncoding = 4; lastKnownFileType = sourcecode.c.objc; path = KeyChainStore.m; sourceTree = "<group>"; };
		3A4B4249222A243200F2DB73 /* Chinese-Localizable.strings */ = {isa = PBXFileReference; fileEncoding = 4; lastKnownFileType = text.plist.strings; path = "Chinese-Localizable.strings"; sourceTree = "<group>"; };
		3A4B424A222A243200F2DB73 /* English-Localizable.strings */ = {isa = PBXFileReference; fileEncoding = 4; lastKnownFileType = text.plist.strings; path = "English-Localizable.strings"; sourceTree = "<group>"; };
		3A4B424B222A243200F2DB73 /* Localizable_Header.h */ = {isa = PBXFileReference; fileEncoding = 4; lastKnownFileType = sourcecode.c.h; path = Localizable_Header.h; sourceTree = "<group>"; };
		3A4B4284222A2F7200F2DB73 /* FindName_AgeViewController.h */ = {isa = PBXFileReference; lastKnownFileType = sourcecode.c.h; path = FindName_AgeViewController.h; sourceTree = "<group>"; };
		3A4B4285222A2F7200F2DB73 /* FindName_AgeViewController.m */ = {isa = PBXFileReference; lastKnownFileType = sourcecode.c.objc; path = FindName_AgeViewController.m; sourceTree = "<group>"; };
		3A4B4286222A2F7200F2DB73 /* FindName_AgeViewController.xib */ = {isa = PBXFileReference; lastKnownFileType = file.xib; path = FindName_AgeViewController.xib; sourceTree = "<group>"; };
		3A51F5ED222F73150064A039 /* NamesResource.xcassets */ = {isa = PBXFileReference; lastKnownFileType = folder.assetcatalog; path = NamesResource.xcassets; sourceTree = "<group>"; };
		3A60CABF222B8332007E5624 /* NameListViewController.h */ = {isa = PBXFileReference; lastKnownFileType = sourcecode.c.h; path = NameListViewController.h; sourceTree = "<group>"; };
		3A60CAC0222B8332007E5624 /* NameListViewController.m */ = {isa = PBXFileReference; lastKnownFileType = sourcecode.c.objc; path = NameListViewController.m; sourceTree = "<group>"; };
		3A60CAC1222B8332007E5624 /* NameListViewController.xib */ = {isa = PBXFileReference; lastKnownFileType = file.xib; path = NameListViewController.xib; sourceTree = "<group>"; };
		3A6C84D7222A34AB002190DF /* FindName_JobViewController.h */ = {isa = PBXFileReference; lastKnownFileType = sourcecode.c.h; path = FindName_JobViewController.h; sourceTree = "<group>"; };
		3A6C84D8222A34AB002190DF /* FindName_JobViewController.m */ = {isa = PBXFileReference; lastKnownFileType = sourcecode.c.objc; path = FindName_JobViewController.m; sourceTree = "<group>"; };
		3A6C84D9222A34AB002190DF /* FindName_JobViewController.xib */ = {isa = PBXFileReference; lastKnownFileType = file.xib; path = FindName_JobViewController.xib; sourceTree = "<group>"; };
		3A80432C2228DEE30039B8E0 /* FindNameViewController.h */ = {isa = PBXFileReference; lastKnownFileType = sourcecode.c.h; path = FindNameViewController.h; sourceTree = "<group>"; };
		3A80432D2228DEE30039B8E0 /* FindNameViewController.m */ = {isa = PBXFileReference; lastKnownFileType = sourcecode.c.objc; path = FindNameViewController.m; sourceTree = "<group>"; };
		3A80432E2228DEE30039B8E0 /* FindNameViewController.xib */ = {isa = PBXFileReference; lastKnownFileType = file.xib; path = FindNameViewController.xib; sourceTree = "<group>"; };
		3A804332222A0CB30039B8E0 /* FindName_Resource.xcassets */ = {isa = PBXFileReference; lastKnownFileType = folder.assetcatalog; path = FindName_Resource.xcassets; sourceTree = "<group>"; };
		3A984C622226BC6000E5BF16 /* BeautifulName.app */ = {isa = PBXFileReference; explicitFileType = wrapper.application; includeInIndex = 0; path = BeautifulName.app; sourceTree = BUILT_PRODUCTS_DIR; };
		3A984C652226BC6000E5BF16 /* AppDelegate.h */ = {isa = PBXFileReference; lastKnownFileType = sourcecode.c.h; path = AppDelegate.h; sourceTree = "<group>"; };
		3A984C662226BC6000E5BF16 /* AppDelegate.m */ = {isa = PBXFileReference; lastKnownFileType = sourcecode.c.objc; path = AppDelegate.m; sourceTree = "<group>"; };
		3A984C6E2226BC6200E5BF16 /* Assets.xcassets */ = {isa = PBXFileReference; lastKnownFileType = folder.assetcatalog; path = Assets.xcassets; sourceTree = "<group>"; };
		3A984C712226BC6200E5BF16 /* Base */ = {isa = PBXFileReference; lastKnownFileType = file.storyboard; name = Base; path = Base.lproj/LaunchScreen.storyboard; sourceTree = "<group>"; };
		3A984C732226BC6200E5BF16 /* Info.plist */ = {isa = PBXFileReference; lastKnownFileType = text.plist.xml; path = Info.plist; sourceTree = "<group>"; };
		3A984C742226BC6200E5BF16 /* main.m */ = {isa = PBXFileReference; lastKnownFileType = sourcecode.c.objc; path = main.m; sourceTree = "<group>"; };
		3A984C9E2226CED800E5BF16 /* HomeViewController.h */ = {isa = PBXFileReference; lastKnownFileType = sourcecode.c.h; path = HomeViewController.h; sourceTree = "<group>"; };
		3A984C9F2226CED800E5BF16 /* HomeViewController.m */ = {isa = PBXFileReference; lastKnownFileType = sourcecode.c.objc; path = HomeViewController.m; sourceTree = "<group>"; };
		3A984CA02226CED800E5BF16 /* HomeViewController.xib */ = {isa = PBXFileReference; lastKnownFileType = file.xib; path = HomeViewController.xib; sourceTree = "<group>"; };
		3AB2E2242238F249000BC072 /* NameRequestTool.h */ = {isa = PBXFileReference; lastKnownFileType = sourcecode.c.h; path = NameRequestTool.h; sourceTree = "<group>"; };
		3AB2E2252238F249000BC072 /* NameRequestTool.m */ = {isa = PBXFileReference; lastKnownFileType = sourcecode.c.objc; path = NameRequestTool.m; sourceTree = "<group>"; };
		3ABA3793222CD7D400A25300 /* FSCardView.h */ = {isa = PBXFileReference; fileEncoding = 4; lastKnownFileType = sourcecode.c.h; path = FSCardView.h; sourceTree = "<group>"; };
		3ABA3794222CD7D400A25300 /* FSCardView.m */ = {isa = PBXFileReference; fileEncoding = 4; lastKnownFileType = sourcecode.c.objc; path = FSCardView.m; sourceTree = "<group>"; };
		3AC3C83622374D8600FE825B /* NameListDetailView.h */ = {isa = PBXFileReference; lastKnownFileType = sourcecode.c.h; path = NameListDetailView.h; sourceTree = "<group>"; };
		3AC3C83722374D8600FE825B /* NameListDetailView.m */ = {isa = PBXFileReference; lastKnownFileType = sourcecode.c.objc; path = NameListDetailView.m; sourceTree = "<group>"; };
		3AC3C83922374D9300FE825B /* NameListDetailView.xib */ = {isa = PBXFileReference; lastKnownFileType = file.xib; path = NameListDetailView.xib; sourceTree = "<group>"; };
		3AC3C83D223782A100FE825B /* SettingViewController.h */ = {isa = PBXFileReference; lastKnownFileType = sourcecode.c.h; path = SettingViewController.h; sourceTree = "<group>"; };
		3AC3C83E223782A100FE825B /* SettingViewController.m */ = {isa = PBXFileReference; lastKnownFileType = sourcecode.c.objc; path = SettingViewController.m; sourceTree = "<group>"; };
		3AC3C83F223782A100FE825B /* SettingViewController.xib */ = {isa = PBXFileReference; lastKnownFileType = file.xib; path = SettingViewController.xib; sourceTree = "<group>"; };
		3AC3C8422237948700FE825B /* MessageUI.framework */ = {isa = PBXFileReference; lastKnownFileType = wrapper.framework; name = MessageUI.framework; path = System/Library/Frameworks/MessageUI.framework; sourceTree = SDKROOT; };
		3ACC16FA222FADC90057EE23 /* SearchNamesView.h */ = {isa = PBXFileReference; lastKnownFileType = sourcecode.c.h; path = SearchNamesView.h; sourceTree = "<group>"; };
		3ACC16FB222FADC90057EE23 /* SearchNamesView.m */ = {isa = PBXFileReference; lastKnownFileType = sourcecode.c.objc; path = SearchNamesView.m; sourceTree = "<group>"; };
		3ACC16FD222FADE20057EE23 /* SearchNamesView.xib */ = {isa = PBXFileReference; lastKnownFileType = file.xib; path = SearchNamesView.xib; sourceTree = "<group>"; };
		3ACC170C2230B7F20057EE23 /* CreateCNNameViewController.h */ = {isa = PBXFileReference; lastKnownFileType = sourcecode.c.h; path = CreateCNNameViewController.h; sourceTree = "<group>"; };
		3ACC170D2230B7F20057EE23 /* CreateCNNameViewController.m */ = {isa = PBXFileReference; lastKnownFileType = sourcecode.c.objc; path = CreateCNNameViewController.m; sourceTree = "<group>"; };
		3ACC170E2230B7F20057EE23 /* CreateCNNameViewController.xib */ = {isa = PBXFileReference; lastKnownFileType = file.xib; path = CreateCNNameViewController.xib; sourceTree = "<group>"; };
		3AF3EA5A22759748002870E8 /* k_names_detail.txt */ = {isa = PBXFileReference; fileEncoding = 4; lastKnownFileType = text; path = k_names_detail.txt; sourceTree = "<group>"; };
		3AF3EA5B22759748002870E8 /* t_names_detail.txt */ = {isa = PBXFileReference; fileEncoding = 4; lastKnownFileType = text; path = t_names_detail.txt; sourceTree = "<group>"; };
		3AF3EA5C22759748002870E8 /* cn_boy_name_word.txt */ = {isa = PBXFileReference; fileEncoding = 4; lastKnownFileType = text; path = cn_boy_name_word.txt; sourceTree = "<group>"; };
		3AF3EA5D22759748002870E8 /* p_names_detail.txt */ = {isa = PBXFileReference; fileEncoding = 4; lastKnownFileType = text; path = p_names_detail.txt; sourceTree = "<group>"; };
		3AF3EA5E22759748002870E8 /* d_names_detail.txt */ = {isa = PBXFileReference; fileEncoding = 4; lastKnownFileType = text; path = d_names_detail.txt; sourceTree = "<group>"; };
		3AF3EA5F22759748002870E8 /* all_names.txt */ = {isa = PBXFileReference; fileEncoding = 4; lastKnownFileType = text; path = all_names.txt; sourceTree = "<group>"; };
		3AF3EA6022759748002870E8 /* o_names_detail.txt */ = {isa = PBXFileReference; fileEncoding = 4; lastKnownFileType = text; path = o_names_detail.txt; sourceTree = "<group>"; };
		3AF3EA6122759748002870E8 /* j_names_detail.txt */ = {isa = PBXFileReference; fileEncoding = 4; lastKnownFileType = text; path = j_names_detail.txt; sourceTree = "<group>"; };
		3AF3EA6222759748002870E8 /* a_names_detail.txt */ = {isa = PBXFileReference; fileEncoding = 4; lastKnownFileType = text; path = a_names_detail.txt; sourceTree = "<group>"; };
		3AF3EA6322759748002870E8 /* u_names_detail.txt */ = {isa = PBXFileReference; fileEncoding = 4; lastKnownFileType = text; path = u_names_detail.txt; sourceTree = "<group>"; };
		3AF3EA6422759748002870E8 /* e_names_detail.txt */ = {isa = PBXFileReference; fileEncoding = 4; lastKnownFileType = text; path = e_names_detail.txt; sourceTree = "<group>"; };
		3AF3EA6522759748002870E8 /* q_names_detail.txt */ = {isa = PBXFileReference; fileEncoding = 4; lastKnownFileType = text; path = q_names_detail.txt; sourceTree = "<group>"; };
		3AF3EA6622759748002870E8 /* z_names_detail.txt */ = {isa = PBXFileReference; fileEncoding = 4; lastKnownFileType = text; path = z_names_detail.txt; sourceTree = "<group>"; };
		3AF3EA6722759748002870E8 /* n_names_detail.txt */ = {isa = PBXFileReference; fileEncoding = 4; lastKnownFileType = text; path = n_names_detail.txt; sourceTree = "<group>"; };
		3AF3EA6822759748002870E8 /* b_names_detail.txt */ = {isa = PBXFileReference; fileEncoding = 4; lastKnownFileType = text; path = b_names_detail.txt; sourceTree = "<group>"; };
		3AF3EA6922759748002870E8 /* v_names_detail.txt */ = {isa = PBXFileReference; fileEncoding = 4; lastKnownFileType = text; path = v_names_detail.txt; sourceTree = "<group>"; };
		3AF3EA6A22759748002870E8 /* cn_all_first_name.txt */ = {isa = PBXFileReference; fileEncoding = 4; lastKnownFileType = text; path = cn_all_first_name.txt; sourceTree = "<group>"; };
		3AF3EA6B22759748002870E8 /* i_names_detail.txt */ = {isa = PBXFileReference; fileEncoding = 4; lastKnownFileType = text; path = i_names_detail.txt; sourceTree = "<group>"; };
		3AF3EA6C22759748002870E8 /* y_names_detail.txt */ = {isa = PBXFileReference; fileEncoding = 4; lastKnownFileType = text; path = y_names_detail.txt; sourceTree = "<group>"; };
		3AF3EA6D22759748002870E8 /* m_names_detail.txt */ = {isa = PBXFileReference; fileEncoding = 4; lastKnownFileType = text; path = m_names_detail.txt; sourceTree = "<group>"; };
		3AF3EA6E22759748002870E8 /* all_names_detail.txt */ = {isa = PBXFileReference; fileEncoding = 4; lastKnownFileType = text; path = all_names_detail.txt; sourceTree = "<group>"; };
		3AF3EA6F22759748002870E8 /* f_names_detail.txt */ = {isa = PBXFileReference; fileEncoding = 4; lastKnownFileType = text; path = f_names_detail.txt; sourceTree = "<group>"; };
		3AF3EA7022759748002870E8 /* r_names_detail.txt */ = {isa = PBXFileReference; fileEncoding = 4; lastKnownFileType = text; path = r_names_detail.txt; sourceTree = "<group>"; };
		3AF3EA7122759748002870E8 /* first_name_link.txt */ = {isa = PBXFileReference; fileEncoding = 4; lastKnownFileType = text; path = first_name_link.txt; sourceTree = "<group>"; };
		3AF3EA7222759748002870E8 /* w_names_detail.txt */ = {isa = PBXFileReference; fileEncoding = 4; lastKnownFileType = text; path = w_names_detail.txt; sourceTree = "<group>"; };
		3AF3EA7322759748002870E8 /* c_names_detail.txt */ = {isa = PBXFileReference; fileEncoding = 4; lastKnownFileType = text; path = c_names_detail.txt; sourceTree = "<group>"; };
		3AF3EA7422759748002870E8 /* h_names_detail.txt */ = {isa = PBXFileReference; fileEncoding = 4; lastKnownFileType = text; path = h_names_detail.txt; sourceTree = "<group>"; };
		3AF3EA7522759748002870E8 /* l_names_detail.txt */ = {isa = PBXFileReference; fileEncoding = 4; lastKnownFileType = text; path = l_names_detail.txt; sourceTree = "<group>"; };
		3AF3EA7622759748002870E8 /* x_names_detail.txt */ = {isa = PBXFileReference; fileEncoding = 4; lastKnownFileType = text; path = x_names_detail.txt; sourceTree = "<group>"; };
		3AF3EA7722759748002870E8 /* cn_girl_name_word.txt */ = {isa = PBXFileReference; fileEncoding = 4; lastKnownFileType = text; path = cn_girl_name_word.txt; sourceTree = "<group>"; };
		3AF3EA7822759748002870E8 /* s_names_detail.txt */ = {isa = PBXFileReference; fileEncoding = 4; lastKnownFileType = text; path = s_names_detail.txt; sourceTree = "<group>"; };
		3AF3EA7922759748002870E8 /* g_names_detail.txt */ = {isa = PBXFileReference; fileEncoding = 4; lastKnownFileType = text; path = g_names_detail.txt; sourceTree = "<group>"; };
		97121AC54A50756AFFE0A7EF /* Pods-BeautifulName.debug.xcconfig */ = {isa = PBXFileReference; includeInIndex = 1; lastKnownFileType = text.xcconfig; name = "Pods-BeautifulName.debug.xcconfig"; path = "Pods/Target Support Files/Pods-BeautifulName/Pods-BeautifulName.debug.xcconfig"; sourceTree = "<group>"; };
		AA47F27EB2135F3FDA4D4ECF /* Pods-BeautifulName.release.xcconfig */ = {isa = PBXFileReference; includeInIndex = 1; lastKnownFileType = text.xcconfig; name = "Pods-BeautifulName.release.xcconfig"; path = "Pods/Target Support Files/Pods-BeautifulName/Pods-BeautifulName.release.xcconfig"; sourceTree = "<group>"; };
/* End PBXFileReference section */

/* Begin PBXFrameworksBuildPhase section */
		3A984C5F2226BC6000E5BF16 /* Frameworks */ = {
			isa = PBXFrameworksBuildPhase;
			buildActionMask = 2147483647;
			files = (
				3A16A6B222C9BBD30051AC11 /* AppScaffold.framework in Frameworks */,
			);
			runOnlyForDeploymentPostprocessing = 0;
		};
/* End PBXFrameworksBuildPhase section */

/* Begin PBXGroup section */
		230820E90C7432545F19776A /* Frameworks */ = {
			isa = PBXGroup;
			children = (
				3AC3C8422237948700FE825B /* MessageUI.framework */,
				3A4B41C4222A23E500F2DB73 /* AppScaffold.framework */,
			);
			name = Frameworks;
			sourceTree = "<group>";
		};
		31CE09363228945F9A080007 /* Pods */ = {
			isa = PBXGroup;
			children = (
				97121AC54A50756AFFE0A7EF /* Pods-BeautifulName.debug.xcconfig */,
				AA47F27EB2135F3FDA4D4ECF /* Pods-BeautifulName.release.xcconfig */,
			);
			name = Pods;
			sourceTree = "<group>";
		};
		3A16A6AE22C9BB5E0051AC11 /* ClassExtension */ = {
			isa = PBXGroup;
			children = (
				3A16A6AF22C9BB5E0051AC11 /* AppScaffold.framework */,
				3A16A6B022C9BB5E0051AC11 /* ClassExtensionHeaders.h */,
			);
			path = ClassExtension;
			sourceTree = "<group>";
		};
		3A1AE003222EAD7200AA7A9C /* Names */ = {
			isa = PBXGroup;
			children = (
				3ACC16F9222F98300057EE23 /* View */,
				3A51F5EC222F72F90064A039 /* Resource */,
				3A1AE004222EAD8300AA7A9C /* Controller */,
			);
			path = Names;
			sourceTree = "<group>";
		};
		3A1AE004222EAD8300AA7A9C /* Controller */ = {
			isa = PBXGroup;
			children = (
				3A1AE005222EADA700AA7A9C /* NamesViewController.h */,
				3A1AE006222EADA700AA7A9C /* NamesViewController.m */,
				3A1AE007222EADA700AA7A9C /* NamesViewController.xib */,
			);
			path = Controller;
			sourceTree = "<group>";
		};
		3A4B41C6222A243200F2DB73 /* Componentized */ = {
			isa = PBXGroup;
			children = (
				3A16A6AE22C9BB5E0051AC11 /* ClassExtension */,
				3ABA3792222CD7BD00A25300 /* CardView */,
				3A4B4206222A243200F2DB73 /* BaseViewController */,
				3A4B4238222A243200F2DB73 /* Encrypt */,
				3A4B41E4222A243200F2DB73 /* ESTimer */,
				3A4B41C8222A243200F2DB73 /* FSCacheManager */,
				3A4B41EF222A243200F2DB73 /* GeneralTool */,
				3A4B41D6222A243200F2DB73 /* GeneralView */,
				3A4B4248222A243200F2DB73 /* Localizable */,
				3A4B41E7222A243200F2DB73 /* OpenShowView */,
				3A4B41CE222A243200F2DB73 /* PrefixHeader */,
				3A4B4213222A243200F2DB73 /* RequestMannager */,
				3A4B423F222A243200F2DB73 /* UUID */,
			);
			path = Componentized;
			sourceTree = "<group>";
		};
		3A4B41C8222A243200F2DB73 /* FSCacheManager */ = {
			isa = PBXGroup;
			children = (
				3A4B41C9222A243200F2DB73 /* FSCachePath.m */,
				3A4B41CA222A243200F2DB73 /* FSCacheManager.h */,
				3A4B41CB222A243200F2DB73 /* FSCacheManager.m */,
				3A4B41CC222A243200F2DB73 /* FSCachePath.h */,
			);
			path = FSCacheManager;
			sourceTree = "<group>";
		};
		3A4B41CE222A243200F2DB73 /* PrefixHeader */ = {
			isa = PBXGroup;
			children = (
				3A4B41CF222A243200F2DB73 /* PrefixHeader_ConfigurationInfo.h */,
				3A4B41D0222A243200F2DB73 /* PrefixHeader_CommonInfo.h */,
				3A4B41D1222A243200F2DB73 /* PrefixHeader_Headers.h */,
				3A4B41D2222A243200F2DB73 /* PrefixHeader_GlobalStaticInfo.h */,
				3A4B41D3222A243200F2DB73 /* PrefixHeader_GenneralTool.h */,
				3A4B41D4222A243200F2DB73 /* PrefixHeader.pch */,
				3A4B41D5222A243200F2DB73 /* PrefixHeader_PromptMessage.h */,
			);
			path = PrefixHeader;
			sourceTree = "<group>";
		};
		3A4B41D6222A243200F2DB73 /* GeneralView */ = {
			isa = PBXGroup;
			children = (
				3A4B41DE222A243200F2DB73 /* GeneralCollectionViewCell.h */,
				3A4B41D8222A243200F2DB73 /* GeneralCollectionViewCell.m */,
				3A4B41D9222A243200F2DB73 /* GeneralCollectionViewCell.xib */,
				3A4B41DF222A243200F2DB73 /* GeneralTableViewCell.h */,
				3A4B41D7222A243200F2DB73 /* GeneralTableViewCell.m */,
				3A4B41DD222A243200F2DB73 /* GeneralTableViewCell.xib */,
				3A4B41DB222A243200F2DB73 /* GeneralView.h */,
				3A4B41E1222A243200F2DB73 /* GeneralView.m */,
				3A4B41E3222A243200F2DB73 /* GeneralView.xib */,
			);
			path = GeneralView;
			sourceTree = "<group>";
		};
		3A4B41E4222A243200F2DB73 /* ESTimer */ = {
			isa = PBXGroup;
			children = (
				3A4B41E5222A243200F2DB73 /* ESTimer.h */,
				3A4B41E6222A243200F2DB73 /* ESTimer.m */,
			);
			path = ESTimer;
			sourceTree = "<group>";
		};
		3A4B41E7222A243200F2DB73 /* OpenShowView */ = {
			isa = PBXGroup;
			children = (
				3A4B41E8222A243200F2DB73 /* ExpandView.h */,
				3A4B41EB222A243200F2DB73 /* ExpandView.m */,
			);
			path = OpenShowView;
			sourceTree = "<group>";
		};
		3A4B41EF222A243200F2DB73 /* GeneralTool */ = {
			isa = PBXGroup;
			children = (
				3A4B41FB222A243200F2DB73 /* GeneralTool.h */,
				3A4B41F5222A243200F2DB73 /* GeneralTool.m */,
				3A4B41FC222A243200F2DB73 /* ModelTool.h */,
				3A4B41F4222A243200F2DB73 /* ModelTool.m */,
				3A4B41F7222A243200F2DB73 /* Reachability.h */,
				3A4B41F0222A243200F2DB73 /* Reachability.m */,
				3A4B41F3222A243200F2DB73 /* StringTool.h */,
				3A4B41FD222A243200F2DB73 /* StringTool.m */,
				3A4B41F9222A243200F2DB73 /* ToolHeader.h */,
				3A4B41F8222A243200F2DB73 /* ToolImage.xcassets */,
				3A4B41FA222A243200F2DB73 /* ViewTool.h */,
				3A4B41F2222A243200F2DB73 /* ViewTool.m */,
			);
			path = GeneralTool;
			sourceTree = "<group>";
		};
		3A4B4206222A243200F2DB73 /* BaseViewController */ = {
			isa = PBXGroup;
			children = (
				3A4B4207222A243200F2DB73 /* BaseWebViewController.m */,
				3A4B4208222A243200F2DB73 /* BaseNavViewController.m */,
				3A4B4209222A243200F2DB73 /* BaseViewController.m */,
				3A4B420A222A243200F2DB73 /* BaseNavViewController.xib */,
				3A4B420B222A243200F2DB73 /* BaseNavViewController.h */,
				3A4B420C222A243200F2DB73 /* BaseWebViewController.h */,
				3A4B420D222A243200F2DB73 /* BaseViewController.h */,
			);
			path = BaseViewController;
			sourceTree = "<group>";
		};
		3A4B4213222A243200F2DB73 /* RequestMannager */ = {
			isa = PBXGroup;
			children = (
				3A4B4217222A243200F2DB73 /* RequestDownloader.h */,
				3A4B4214222A243200F2DB73 /* RequestDownloader.m */,
				3A4B4219222A243200F2DB73 /* RequestHelper.h */,
				3A4B4216222A243200F2DB73 /* RequestHelper.m */,
				3A4B4215222A243200F2DB73 /* RequestMannager.h */,
				3A4B4218222A243200F2DB73 /* RequestMannager.m */,
			);
			path = RequestMannager;
			sourceTree = "<group>";
		};
		3A4B4238222A243200F2DB73 /* Encrypt */ = {
			isa = PBXGroup;
			children = (
				3A4B4239222A243200F2DB73 /* MD5 */,
				3A4B423C222A243200F2DB73 /* AES */,
			);
			path = Encrypt;
			sourceTree = "<group>";
		};
		3A4B4239222A243200F2DB73 /* MD5 */ = {
			isa = PBXGroup;
			children = (
				3A4B423A222A243200F2DB73 /* MD5Encrypt.m */,
				3A4B423B222A243200F2DB73 /* MD5Encrypt.h */,
			);
			path = MD5;
			sourceTree = "<group>";
		};
		3A4B423C222A243200F2DB73 /* AES */ = {
			isa = PBXGroup;
			children = (
				3A4B423D222A243200F2DB73 /* AESCipher.m */,
				3A4B423E222A243200F2DB73 /* AESCipher.h */,
			);
			path = AES;
			sourceTree = "<group>";
		};
		3A4B423F222A243200F2DB73 /* UUID */ = {
			isa = PBXGroup;
			children = (
				3A4B4240222A243200F2DB73 /* KeyChainStore.h */,
				3A4B4241222A243200F2DB73 /* UUID.h */,
				3A4B4242222A243200F2DB73 /* UUID.m */,
				3A4B4243222A243200F2DB73 /* KeyChainStore.m */,
			);
			path = UUID;
			sourceTree = "<group>";
		};
		3A4B4248222A243200F2DB73 /* Localizable */ = {
			isa = PBXGroup;
			children = (
				3A4B4249222A243200F2DB73 /* Chinese-Localizable.strings */,
				3A4B424A222A243200F2DB73 /* English-Localizable.strings */,
				3A4B424B222A243200F2DB73 /* Localizable_Header.h */,
			);
			path = Localizable;
			sourceTree = "<group>";
		};
		3A51F5EC222F72F90064A039 /* Resource */ = {
			isa = PBXGroup;
			children = (
				3A51F5ED222F73150064A039 /* NamesResource.xcassets */,
			);
			path = Resource;
			sourceTree = "<group>";
		};
		3A80432A2228DEAA0039B8E0 /* FindName */ = {
			isa = PBXGroup;
			children = (
				3AC3C83522374D4100FE825B /* View */,
				3A804331222A0C860039B8E0 /* Resource */,
				3A80432B2228DEC40039B8E0 /* Controller */,
			);
			path = FindName;
			sourceTree = "<group>";
		};
		3A80432B2228DEC40039B8E0 /* Controller */ = {
			isa = PBXGroup;
			children = (
				3A80432C2228DEE30039B8E0 /* FindNameViewController.h */,
				3A80432D2228DEE30039B8E0 /* FindNameViewController.m */,
				3A80432E2228DEE30039B8E0 /* FindNameViewController.xib */,
				3A4B4284222A2F7200F2DB73 /* FindName_AgeViewController.h */,
				3A4B4285222A2F7200F2DB73 /* FindName_AgeViewController.m */,
				3A4B4286222A2F7200F2DB73 /* FindName_AgeViewController.xib */,
				3A6C84D7222A34AB002190DF /* FindName_JobViewController.h */,
				3A6C84D8222A34AB002190DF /* FindName_JobViewController.m */,
				3A6C84D9222A34AB002190DF /* FindName_JobViewController.xib */,
				3A60CABF222B8332007E5624 /* NameListViewController.h */,
				3A60CAC0222B8332007E5624 /* NameListViewController.m */,
				3A60CAC1222B8332007E5624 /* NameListViewController.xib */,
				3ACC170C2230B7F20057EE23 /* CreateCNNameViewController.h */,
				3ACC170D2230B7F20057EE23 /* CreateCNNameViewController.m */,
				3ACC170E2230B7F20057EE23 /* CreateCNNameViewController.xib */,
				3A3DB3312230C01F0095A885 /* CreateCNNameDetailViewController.h */,
				3A3DB3322230C01F0095A885 /* CreateCNNameDetailViewController.m */,
				3A3DB3332230C01F0095A885 /* CreateCNNameDetailViewController.xib */,
			);
			path = Controller;
			sourceTree = "<group>";
		};
		3A804331222A0C860039B8E0 /* Resource */ = {
			isa = PBXGroup;
			children = (
				3A804332222A0CB30039B8E0 /* FindName_Resource.xcassets */,
			);
			path = Resource;
			sourceTree = "<group>";
		};
		3A984C592226BC6000E5BF16 = {
			isa = PBXGroup;
			children = (
				3A984C642226BC6000E5BF16 /* BeautifulName */,
				3A984C632226BC6000E5BF16 /* Products */,
				31CE09363228945F9A080007 /* Pods */,
				230820E90C7432545F19776A /* Frameworks */,
			);
			sourceTree = "<group>";
		};
		3A984C632226BC6000E5BF16 /* Products */ = {
			isa = PBXGroup;
			children = (
				3A984C622226BC6000E5BF16 /* BeautifulName.app */,
			);
			name = Products;
			sourceTree = "<group>";
		};
		3A984C642226BC6000E5BF16 /* BeautifulName */ = {
			isa = PBXGroup;
			children = (
				3A984C652226BC6000E5BF16 /* AppDelegate.h */,
				3A984C662226BC6000E5BF16 /* AppDelegate.m */,
				3A984C6E2226BC6200E5BF16 /* Assets.xcassets */,
				3A984C702226BC6200E5BF16 /* LaunchScreen.storyboard */,
				3A984C732226BC6200E5BF16 /* Info.plist */,
				3A984C742226BC6200E5BF16 /* main.m */,
				3AF3EA5922759748002870E8 /* Doc */,
				3A4B41C6222A243200F2DB73 /* Componentized */,
				3A984C982226BE7100E5BF16 /* Modual */,
			);
			path = BeautifulName;
			sourceTree = "<group>";
		};
		3A984C982226BE7100E5BF16 /* Modual */ = {
			isa = PBXGroup;
			children = (
				3AB2E2232238F221000BC072 /* NameRequestTool */,
				3AC3C83B2237827A00FE825B /* Setting */,
				3A1AE003222EAD7200AA7A9C /* Names */,
				3A984C9C2226CE7300E5BF16 /* Home */,
				3A80432A2228DEAA0039B8E0 /* FindName */,
			);
			path = Modual;
			sourceTree = "<group>";
		};
		3A984C9C2226CE7300E5BF16 /* Home */ = {
			isa = PBXGroup;
			children = (
				3A984C9D2226CE8300E5BF16 /* Controller */,
			);
			path = Home;
			sourceTree = "<group>";
		};
		3A984C9D2226CE8300E5BF16 /* Controller */ = {
			isa = PBXGroup;
			children = (
				3A984C9E2226CED800E5BF16 /* HomeViewController.h */,
				3A984C9F2226CED800E5BF16 /* HomeViewController.m */,
				3A984CA02226CED800E5BF16 /* HomeViewController.xib */,
			);
			path = Controller;
			sourceTree = "<group>";
		};
		3AB2E2232238F221000BC072 /* NameRequestTool */ = {
			isa = PBXGroup;
			children = (
				3AB2E2242238F249000BC072 /* NameRequestTool.h */,
				3AB2E2252238F249000BC072 /* NameRequestTool.m */,
			);
			path = NameRequestTool;
			sourceTree = "<group>";
		};
		3ABA3792222CD7BD00A25300 /* CardView */ = {
			isa = PBXGroup;
			children = (
				3ABA3793222CD7D400A25300 /* FSCardView.h */,
				3ABA3794222CD7D400A25300 /* FSCardView.m */,
			);
			path = CardView;
			sourceTree = "<group>";
		};
		3AC3C83522374D4100FE825B /* View */ = {
			isa = PBXGroup;
			children = (
				3AC3C83622374D8600FE825B /* NameListDetailView.h */,
				3AC3C83722374D8600FE825B /* NameListDetailView.m */,
				3AC3C83922374D9300FE825B /* NameListDetailView.xib */,
			);
			path = View;
			sourceTree = "<group>";
		};
		3AC3C83B2237827A00FE825B /* Setting */ = {
			isa = PBXGroup;
			children = (
				3AC3C83C2237828A00FE825B /* Controller */,
			);
			path = Setting;
			sourceTree = "<group>";
		};
		3AC3C83C2237828A00FE825B /* Controller */ = {
			isa = PBXGroup;
			children = (
				3AC3C83D223782A100FE825B /* SettingViewController.h */,
				3AC3C83E223782A100FE825B /* SettingViewController.m */,
				3AC3C83F223782A100FE825B /* SettingViewController.xib */,
			);
			path = Controller;
			sourceTree = "<group>";
		};
		3ACC16F9222F98300057EE23 /* View */ = {
			isa = PBXGroup;
			children = (
				3ACC16FA222FADC90057EE23 /* SearchNamesView.h */,
				3ACC16FB222FADC90057EE23 /* SearchNamesView.m */,
				3ACC16FD222FADE20057EE23 /* SearchNamesView.xib */,
			);
			path = View;
			sourceTree = "<group>";
		};
		3AF3EA5922759748002870E8 /* Doc */ = {
			isa = PBXGroup;
			children = (
				3AF3EA6222759748002870E8 /* a_names_detail.txt */,
				3AF3EA6E22759748002870E8 /* all_names_detail.txt */,
				3AF3EA5F22759748002870E8 /* all_names.txt */,
				3AF3EA6822759748002870E8 /* b_names_detail.txt */,
				3AF3EA7322759748002870E8 /* c_names_detail.txt */,
				3AF3EA6A22759748002870E8 /* cn_all_first_name.txt */,
				3AF3EA5C22759748002870E8 /* cn_boy_name_word.txt */,
				3AF3EA7722759748002870E8 /* cn_girl_name_word.txt */,
				3AF3EA5E22759748002870E8 /* d_names_detail.txt */,
				3AF3EA6422759748002870E8 /* e_names_detail.txt */,
				3AF3EA6F22759748002870E8 /* f_names_detail.txt */,
				3AF3EA7122759748002870E8 /* first_name_link.txt */,
				3AF3EA7922759748002870E8 /* g_names_detail.txt */,
				3AF3EA7422759748002870E8 /* h_names_detail.txt */,
				3AF3EA6B22759748002870E8 /* i_names_detail.txt */,
				3AF3EA6122759748002870E8 /* j_names_detail.txt */,
				3AF3EA5A22759748002870E8 /* k_names_detail.txt */,
				3AF3EA7522759748002870E8 /* l_names_detail.txt */,
				3AF3EA6D22759748002870E8 /* m_names_detail.txt */,
				3AF3EA6722759748002870E8 /* n_names_detail.txt */,
				3AF3EA6022759748002870E8 /* o_names_detail.txt */,
				3AF3EA5D22759748002870E8 /* p_names_detail.txt */,
				3AF3EA6522759748002870E8 /* q_names_detail.txt */,
				3AF3EA7022759748002870E8 /* r_names_detail.txt */,
				3AF3EA7822759748002870E8 /* s_names_detail.txt */,
				3AF3EA5B22759748002870E8 /* t_names_detail.txt */,
				3AF3EA6322759748002870E8 /* u_names_detail.txt */,
				3AF3EA6922759748002870E8 /* v_names_detail.txt */,
				3AF3EA7222759748002870E8 /* w_names_detail.txt */,
				3AF3EA7622759748002870E8 /* x_names_detail.txt */,
				3AF3EA6C22759748002870E8 /* y_names_detail.txt */,
				3AF3EA6622759748002870E8 /* z_names_detail.txt */,
			);
			path = Doc;
			sourceTree = "<group>";
		};
/* End PBXGroup section */

/* Begin PBXNativeTarget section */
		3A984C612226BC6000E5BF16 /* BeautifulName */ = {
			isa = PBXNativeTarget;
			buildConfigurationList = 3A984C782226BC6200E5BF16 /* Build configuration list for PBXNativeTarget "BeautifulName" */;
			buildPhases = (
				0B47310394FA1A2A50546326 /* [CP] Check Pods Manifest.lock */,
				3A984C5E2226BC6000E5BF16 /* Sources */,
				3A984C5F2226BC6000E5BF16 /* Frameworks */,
				3A984C602226BC6000E5BF16 /* Resources */,
				1A965B9565C0D415066720CD /* [CP] Embed Pods Frameworks */,
			);
			buildRules = (
			);
			dependencies = (
			);
			name = BeautifulName;
			productName = BeautifulName;
			productReference = 3A984C622226BC6000E5BF16 /* BeautifulName.app */;
			productType = "com.apple.product-type.application";
		};
/* End PBXNativeTarget section */

/* Begin PBXProject section */
		3A984C5A2226BC6000E5BF16 /* Project object */ = {
			isa = PBXProject;
			attributes = {
				LastUpgradeCheck = 1010;
				ORGANIZATIONNAME = Paul;
				TargetAttributes = {
					3A984C612226BC6000E5BF16 = {
						CreatedOnToolsVersion = 10.1;
					};
				};
			};
			buildConfigurationList = 3A984C5D2226BC6000E5BF16 /* Build configuration list for PBXProject "BeautifulName" */;
			compatibilityVersion = "Xcode 9.3";
			developmentRegion = en;
			hasScannedForEncodings = 0;
			knownRegions = (
				en,
				Base,
			);
			mainGroup = 3A984C592226BC6000E5BF16;
			productRefGroup = 3A984C632226BC6000E5BF16 /* Products */;
			projectDirPath = "";
			projectRoot = "";
			targets = (
				3A984C612226BC6000E5BF16 /* BeautifulName */,
			);
		};
/* End PBXProject section */

/* Begin PBXResourcesBuildPhase section */
		3A984C602226BC6000E5BF16 /* Resources */ = {
			isa = PBXResourcesBuildPhase;
			buildActionMask = 2147483647;
			files = (
				3AF3EA8822759749002870E8 /* b_names_detail.txt in Resources */,
				3A51F5EE222F73150064A039 /* NamesResource.xcassets in Resources */,
				3AF3EA8422759749002870E8 /* e_names_detail.txt in Resources */,
				3A4B4283222A243300F2DB73 /* English-Localizable.strings in Resources */,
				3AF3EA8722759749002870E8 /* n_names_detail.txt in Resources */,
				3AF3EA9122759749002870E8 /* first_name_link.txt in Resources */,
				3AF3EA9022759749002870E8 /* r_names_detail.txt in Resources */,
				3AC3C83A22374D9300FE825B /* NameListDetailView.xib in Resources */,
				3A8043302228DEE30039B8E0 /* FindNameViewController.xib in Resources */,
				3AF3EA7D22759749002870E8 /* p_names_detail.txt in Resources */,
				3AF3EA8E22759749002870E8 /* all_names_detail.txt in Resources */,
				3A4B4262222A243300F2DB73 /* ToolImage.xcassets in Resources */,
				3AF3EA9822759749002870E8 /* s_names_detail.txt in Resources */,
				3AF3EA9522759749002870E8 /* l_names_detail.txt in Resources */,
				3A60CAC3222B8332007E5624 /* NameListViewController.xib in Resources */,
				3A3DB3352230C01F0095A885 /* CreateCNNameDetailViewController.xib in Resources */,
				3A4B4253222A243300F2DB73 /* GeneralTableViewCell.xib in Resources */,
				3A984C722226BC6200E5BF16 /* LaunchScreen.storyboard in Resources */,
				3AF3EA9722759749002870E8 /* cn_girl_name_word.txt in Resources */,
				3AF3EA7E22759749002870E8 /* d_names_detail.txt in Resources */,
				3A4B4257222A243300F2DB73 /* GeneralView.xib in Resources */,
				3A804333222A0CB30039B8E0 /* FindName_Resource.xcassets in Resources */,
				3AF3EA9322759749002870E8 /* c_names_detail.txt in Resources */,
				3AF3EA8122759749002870E8 /* j_names_detail.txt in Resources */,
				3AF3EA7B22759749002870E8 /* t_names_detail.txt in Resources */,
				3AF3EA8522759749002870E8 /* q_names_detail.txt in Resources */,
				3AF3EA8622759749002870E8 /* z_names_detail.txt in Resources */,
				3A4B4282222A243300F2DB73 /* Chinese-Localizable.strings in Resources */,
				3A6C84DB222A34AB002190DF /* FindName_JobViewController.xib in Resources */,
				3A4B4288222A2F7200F2DB73 /* FindName_AgeViewController.xib in Resources */,
				3A4B4252222A243300F2DB73 /* GeneralCollectionViewCell.xib in Resources */,
				3AF3EA8B22759749002870E8 /* i_names_detail.txt in Resources */,
				3AF3EA8022759749002870E8 /* o_names_detail.txt in Resources */,
				3AF3EA8F22759749002870E8 /* f_names_detail.txt in Resources */,
				3AF3EA8922759749002870E8 /* v_names_detail.txt in Resources */,
				3AF3EA9222759749002870E8 /* w_names_detail.txt in Resources */,
				3AF3EA8222759749002870E8 /* a_names_detail.txt in Resources */,
				3A1AE009222EADA700AA7A9C /* NamesViewController.xib in Resources */,
				3AF3EA7C22759749002870E8 /* cn_boy_name_word.txt in Resources */,
				3AC3C841223782A100FE825B /* SettingViewController.xib in Resources */,
				3AF3EA7F22759749002870E8 /* all_names.txt in Resources */,
				3A4B426A222A243300F2DB73 /* BaseNavViewController.xib in Resources */,
				3AF3EA9622759749002870E8 /* x_names_detail.txt in Resources */,
				3A984C6F2226BC6200E5BF16 /* Assets.xcassets in Resources */,
				3ACC17102230B7F20057EE23 /* CreateCNNameViewController.xib in Resources */,
				3AF3EA8C22759749002870E8 /* y_names_detail.txt in Resources */,
				3AF3EA8D22759749002870E8 /* m_names_detail.txt in Resources */,
				3AF3EA8A22759749002870E8 /* cn_all_first_name.txt in Resources */,
				3AF3EA8322759749002870E8 /* u_names_detail.txt in Resources */,
				3ACC16FE222FADE20057EE23 /* SearchNamesView.xib in Resources */,
				3AF3EA9922759749002870E8 /* g_names_detail.txt in Resources */,
				3AF3EA9422759749002870E8 /* h_names_detail.txt in Resources */,
				3A984CA22226CED800E5BF16 /* HomeViewController.xib in Resources */,
				3AF3EA7A22759749002870E8 /* k_names_detail.txt in Resources */,
			);
			runOnlyForDeploymentPostprocessing = 0;
		};
/* End PBXResourcesBuildPhase section */

/* Begin PBXShellScriptBuildPhase section */
		0B47310394FA1A2A50546326 /* [CP] Check Pods Manifest.lock */ = {
			isa = PBXShellScriptBuildPhase;
			buildActionMask = 2147483647;
			files = (
			);
			inputPaths = (
				"${PODS_PODFILE_DIR_PATH}/Podfile.lock",
				"${PODS_ROOT}/Manifest.lock",
			);
			name = "[CP] Check Pods Manifest.lock";
			outputPaths = (
				"$(DERIVED_FILE_DIR)/Pods-BeautifulName-checkManifestLockResult.txt",
			);
			runOnlyForDeploymentPostprocessing = 0;
			shellPath = /bin/sh;
			shellScript = "diff \"${PODS_PODFILE_DIR_PATH}/Podfile.lock\" \"${PODS_ROOT}/Manifest.lock\" > /dev/null\nif [ $? != 0 ] ; then\n    # print error to STDERR\n    echo \"error: The sandbox is not in sync with the Podfile.lock. Run 'pod install' or update your CocoaPods installation.\" >&2\n    exit 1\nfi\n# This output is used by Xcode 'outputs' to avoid re-running this script phase.\necho \"SUCCESS\" > \"${SCRIPT_OUTPUT_FILE_0}\"\n";
			showEnvVarsInLog = 0;
		};
		1A965B9565C0D415066720CD /* [CP] Embed Pods Frameworks */ = {
			isa = PBXShellScriptBuildPhase;
			buildActionMask = 2147483647;
			files = (
			);
			inputPaths = (
				"${SRCROOT}/Pods/Target Support Files/Pods-BeautifulName/Pods-BeautifulName-frameworks.sh",
				"${BUILT_PRODUCTS_DIR}/AFNetworking/AFNetworking.framework",
				"${BUILT_PRODUCTS_DIR}/GDataXML-HTML/GDataXML_HTML.framework",
				"${BUILT_PRODUCTS_DIR}/IQKeyboardManager/IQKeyboardManager.framework",
				"${BUILT_PRODUCTS_DIR}/NullSafe/NullSafe.framework",
				"${BUILT_PRODUCTS_DIR}/SDWebImage/SDWebImage.framework",
				"${BUILT_PRODUCTS_DIR}/SVProgressHUD/SVProgressHUD.framework",
			);
			name = "[CP] Embed Pods Frameworks";
			outputPaths = (
				"${TARGET_BUILD_DIR}/${FRAMEWORKS_FOLDER_PATH}/AFNetworking.framework",
				"${TARGET_BUILD_DIR}/${FRAMEWORKS_FOLDER_PATH}/GDataXML_HTML.framework",
				"${TARGET_BUILD_DIR}/${FRAMEWORKS_FOLDER_PATH}/IQKeyboardManager.framework",
				"${TARGET_BUILD_DIR}/${FRAMEWORKS_FOLDER_PATH}/NullSafe.framework",
				"${TARGET_BUILD_DIR}/${FRAMEWORKS_FOLDER_PATH}/SDWebImage.framework",
				"${TARGET_BUILD_DIR}/${FRAMEWORKS_FOLDER_PATH}/SVProgressHUD.framework",
			);
			runOnlyForDeploymentPostprocessing = 0;
			shellPath = /bin/sh;
			shellScript = "\"${SRCROOT}/Pods/Target Support Files/Pods-BeautifulName/Pods-BeautifulName-frameworks.sh\"\n";
			showEnvVarsInLog = 0;
		};
/* End PBXShellScriptBuildPhase section */

/* Begin PBXSourcesBuildPhase section */
		3A984C5E2226BC6000E5BF16 /* Sources */ = {
			isa = PBXSourcesBuildPhase;
			buildActionMask = 2147483647;
			files = (
				3ACC16FC222FADC90057EE23 /* SearchNamesView.m in Sources */,
				3A4B4263222A243300F2DB73 /* StringTool.m in Sources */,
				3A1AE008222EADA700AA7A9C /* NamesViewController.m in Sources */,
				3A4B4287222A2F7200F2DB73 /* FindName_AgeViewController.m in Sources */,
				3AC3C840223782A100FE825B /* SettingViewController.m in Sources */,
				3A984C752226BC6200E5BF16 /* main.m in Sources */,
				3ABA3795222CD7D400A25300 /* FSCardView.m in Sources */,
				3A4B426E222A243300F2DB73 /* RequestHelper.m in Sources */,
				3A3DB3342230C01F0095A885 /* CreateCNNameDetailViewController.m in Sources */,
				3ACC170F2230B7F20057EE23 /* CreateCNNameViewController.m in Sources */,
				3A4B427D222A243300F2DB73 /* AESCipher.m in Sources */,
				3A4B4258222A243300F2DB73 /* ESTimer.m in Sources */,
				3AC3C83822374D8600FE825B /* NameListDetailView.m in Sources */,
				3A4B424E222A243300F2DB73 /* FSCacheManager.m in Sources */,
				3A4B4250222A243300F2DB73 /* GeneralTableViewCell.m in Sources */,
				3A4B4255222A243300F2DB73 /* GeneralView.m in Sources */,
				3A6C84DA222A34AB002190DF /* FindName_JobViewController.m in Sources */,
				3A4B4251222A243300F2DB73 /* GeneralCollectionViewCell.m in Sources */,
				3A4B4268222A243300F2DB73 /* BaseNavViewController.m in Sources */,
				3A4B426D222A243300F2DB73 /* RequestDownloader.m in Sources */,
				3A60CAC2222B8332007E5624 /* NameListViewController.m in Sources */,
				3AB2E2262238F249000BC072 /* NameRequestTool.m in Sources */,
				3A4B4260222A243300F2DB73 /* GeneralTool.m in Sources */,
				3A984CA12226CED800E5BF16 /* HomeViewController.m in Sources */,
				3A4B425F222A243300F2DB73 /* ModelTool.m in Sources */,
				3A4B424D222A243300F2DB73 /* FSCachePath.m in Sources */,
				3A4B425D222A243300F2DB73 /* Reachability.m in Sources */,
				3A80432F2228DEE30039B8E0 /* FindNameViewController.m in Sources */,
				3A4B427F222A243300F2DB73 /* KeyChainStore.m in Sources */,
				3A4B4269222A243300F2DB73 /* BaseViewController.m in Sources */,
				3A4B425A222A243300F2DB73 /* ExpandView.m in Sources */,
				3A4B425E222A243300F2DB73 /* ViewTool.m in Sources */,
				3A984C672226BC6000E5BF16 /* AppDelegate.m in Sources */,
				3A4B427C222A243300F2DB73 /* MD5Encrypt.m in Sources */,
				3A4B4267222A243300F2DB73 /* BaseWebViewController.m in Sources */,
				3A4B426F222A243300F2DB73 /* RequestMannager.m in Sources */,
				3A4B427E222A243300F2DB73 /* UUID.m in Sources */,
			);
			runOnlyForDeploymentPostprocessing = 0;
		};
/* End PBXSourcesBuildPhase section */

/* Begin PBXVariantGroup section */
		3A984C702226BC6200E5BF16 /* LaunchScreen.storyboard */ = {
			isa = PBXVariantGroup;
			children = (
				3A984C712226BC6200E5BF16 /* Base */,
			);
			name = LaunchScreen.storyboard;
			sourceTree = "<group>";
		};
/* End PBXVariantGroup section */

/* Begin XCBuildConfiguration section */
		3A984C762226BC6200E5BF16 /* Debug */ = {
			isa = XCBuildConfiguration;
			buildSettings = {
				ALWAYS_SEARCH_USER_PATHS = NO;
				CLANG_ANALYZER_NONNULL = YES;
				CLANG_ANALYZER_NUMBER_OBJECT_CONVERSION = YES_AGGRESSIVE;
				CLANG_CXX_LANGUAGE_STANDARD = "gnu++14";
				CLANG_CXX_LIBRARY = "libc++";
				CLANG_ENABLE_MODULES = YES;
				CLANG_ENABLE_OBJC_ARC = YES;
				CLANG_ENABLE_OBJC_WEAK = YES;
				CLANG_WARN_BLOCK_CAPTURE_AUTORELEASING = YES;
				CLANG_WARN_BOOL_CONVERSION = YES;
				CLANG_WARN_COMMA = YES;
				CLANG_WARN_CONSTANT_CONVERSION = YES;
				CLANG_WARN_DEPRECATED_OBJC_IMPLEMENTATIONS = YES;
				CLANG_WARN_DIRECT_OBJC_ISA_USAGE = YES_ERROR;
				CLANG_WARN_DOCUMENTATION_COMMENTS = YES;
				CLANG_WARN_EMPTY_BODY = YES;
				CLANG_WARN_ENUM_CONVERSION = YES;
				CLANG_WARN_INFINITE_RECURSION = YES;
				CLANG_WARN_INT_CONVERSION = YES;
				CLANG_WARN_NON_LITERAL_NULL_CONVERSION = YES;
				CLANG_WARN_OBJC_IMPLICIT_RETAIN_SELF = YES;
				CLANG_WARN_OBJC_LITERAL_CONVERSION = YES;
				CLANG_WARN_OBJC_ROOT_CLASS = YES_ERROR;
				CLANG_WARN_RANGE_LOOP_ANALYSIS = YES;
				CLANG_WARN_STRICT_PROTOTYPES = YES;
				CLANG_WARN_SUSPICIOUS_MOVE = YES;
				CLANG_WARN_UNGUARDED_AVAILABILITY = YES_AGGRESSIVE;
				CLANG_WARN_UNREACHABLE_CODE = YES;
				CLANG_WARN__DUPLICATE_METHOD_MATCH = YES;
				CODE_SIGN_IDENTITY = "iPhone Developer";
				COPY_PHASE_STRIP = NO;
				DEBUG_INFORMATION_FORMAT = dwarf;
				ENABLE_STRICT_OBJC_MSGSEND = YES;
				ENABLE_TESTABILITY = YES;
				GCC_C_LANGUAGE_STANDARD = gnu11;
				GCC_DYNAMIC_NO_PIC = NO;
				GCC_NO_COMMON_BLOCKS = YES;
				GCC_OPTIMIZATION_LEVEL = 0;
				GCC_PREPROCESSOR_DEFINITIONS = (
					"DEBUG=1",
					"$(inherited)",
				);
				GCC_WARN_64_TO_32_BIT_CONVERSION = YES;
				GCC_WARN_ABOUT_RETURN_TYPE = YES_ERROR;
				GCC_WARN_UNDECLARED_SELECTOR = YES;
				GCC_WARN_UNINITIALIZED_AUTOS = YES_AGGRESSIVE;
				GCC_WARN_UNUSED_FUNCTION = YES;
				GCC_WARN_UNUSED_VARIABLE = YES;
				IPHONEOS_DEPLOYMENT_TARGET = 12.1;
				MTL_ENABLE_DEBUG_INFO = INCLUDE_SOURCE;
				MTL_FAST_MATH = YES;
				ONLY_ACTIVE_ARCH = YES;
				SDKROOT = iphoneos;
			};
			name = Debug;
		};
		3A984C772226BC6200E5BF16 /* Release */ = {
			isa = XCBuildConfiguration;
			buildSettings = {
				ALWAYS_SEARCH_USER_PATHS = NO;
				CLANG_ANALYZER_NONNULL = YES;
				CLANG_ANALYZER_NUMBER_OBJECT_CONVERSION = YES_AGGRESSIVE;
				CLANG_CXX_LANGUAGE_STANDARD = "gnu++14";
				CLANG_CXX_LIBRARY = "libc++";
				CLANG_ENABLE_MODULES = YES;
				CLANG_ENABLE_OBJC_ARC = YES;
				CLANG_ENABLE_OBJC_WEAK = YES;
				CLANG_WARN_BLOCK_CAPTURE_AUTORELEASING = YES;
				CLANG_WARN_BOOL_CONVERSION = YES;
				CLANG_WARN_COMMA = YES;
				CLANG_WARN_CONSTANT_CONVERSION = YES;
				CLANG_WARN_DEPRECATED_OBJC_IMPLEMENTATIONS = YES;
				CLANG_WARN_DIRECT_OBJC_ISA_USAGE = YES_ERROR;
				CLANG_WARN_DOCUMENTATION_COMMENTS = YES;
				CLANG_WARN_EMPTY_BODY = YES;
				CLANG_WARN_ENUM_CONVERSION = YES;
				CLANG_WARN_INFINITE_RECURSION = YES;
				CLANG_WARN_INT_CONVERSION = YES;
				CLANG_WARN_NON_LITERAL_NULL_CONVERSION = YES;
				CLANG_WARN_OBJC_IMPLICIT_RETAIN_SELF = YES;
				CLANG_WARN_OBJC_LITERAL_CONVERSION = YES;
				CLANG_WARN_OBJC_ROOT_CLASS = YES_ERROR;
				CLANG_WARN_RANGE_LOOP_ANALYSIS = YES;
				CLANG_WARN_STRICT_PROTOTYPES = YES;
				CLANG_WARN_SUSPICIOUS_MOVE = YES;
				CLANG_WARN_UNGUARDED_AVAILABILITY = YES_AGGRESSIVE;
				CLANG_WARN_UNREACHABLE_CODE = YES;
				CLANG_WARN__DUPLICATE_METHOD_MATCH = YES;
				CODE_SIGN_IDENTITY = "iPhone Developer";
				COPY_PHASE_STRIP = NO;
				DEBUG_INFORMATION_FORMAT = "dwarf-with-dsym";
				ENABLE_NS_ASSERTIONS = NO;
				ENABLE_STRICT_OBJC_MSGSEND = YES;
				GCC_C_LANGUAGE_STANDARD = gnu11;
				GCC_NO_COMMON_BLOCKS = YES;
				GCC_WARN_64_TO_32_BIT_CONVERSION = YES;
				GCC_WARN_ABOUT_RETURN_TYPE = YES_ERROR;
				GCC_WARN_UNDECLARED_SELECTOR = YES;
				GCC_WARN_UNINITIALIZED_AUTOS = YES_AGGRESSIVE;
				GCC_WARN_UNUSED_FUNCTION = YES;
				GCC_WARN_UNUSED_VARIABLE = YES;
				IPHONEOS_DEPLOYMENT_TARGET = 12.1;
				MTL_ENABLE_DEBUG_INFO = NO;
				MTL_FAST_MATH = YES;
				SDKROOT = iphoneos;
				VALIDATE_PRODUCT = YES;
			};
			name = Release;
		};
		3A984C792226BC6200E5BF16 /* Debug */ = {
			isa = XCBuildConfiguration;
			baseConfigurationReference = 97121AC54A50756AFFE0A7EF /* Pods-BeautifulName.debug.xcconfig */;
			buildSettings = {
				ASSETCATALOG_COMPILER_APPICON_NAME = AppIcon;
				ASSETCATALOG_COMPILER_LAUNCHIMAGE_NAME = LaunchImage;
				CODE_SIGN_IDENTITY = "iPhone Developer";
				CODE_SIGN_STYLE = Manual;
				DEVELOPMENT_TEAM = Z93M95VE4P;
				ENABLE_BITCODE = NO;
				FRAMEWORK_SEARCH_PATHS = (
					"$(inherited)",
					"$(PROJECT_DIR)/BeautifulName",
					"$(PROJECT_DIR)/BeautifulName/Componentized",
					"$(PROJECT_DIR)/BeautifulName/Componentized/ClassExtension",
				);
				GCC_PREFIX_HEADER = "$(SRCROOT)/BeautifulName/Componentized/PrefixHeader/PrefixHeader.pch";
				INFOPLIST_FILE = BeautifulName/Info.plist;
				IPHONEOS_DEPLOYMENT_TARGET = 10.0;
				LD_RUNPATH_SEARCH_PATHS = (
					"$(inherited)",
					"@executable_path/Frameworks",
				);
				PRODUCT_BUNDLE_IDENTIFIER = paul.beautifulname;
				PRODUCT_NAME = "$(TARGET_NAME)";
				PROVISIONING_PROFILE_SPECIFIER = BeautifulName_dev;
				TARGETED_DEVICE_FAMILY = "1,2";
			};
			name = Debug;
		};
		3A984C7A2226BC6200E5BF16 /* Release */ = {
			isa = XCBuildConfiguration;
			baseConfigurationReference = AA47F27EB2135F3FDA4D4ECF /* Pods-BeautifulName.release.xcconfig */;
			buildSettings = {
				ASSETCATALOG_COMPILER_APPICON_NAME = AppIcon;
				ASSETCATALOG_COMPILER_LAUNCHIMAGE_NAME = LaunchImage;
				CODE_SIGN_IDENTITY = "iPhone Distribution";
				CODE_SIGN_STYLE = Manual;
				DEVELOPMENT_TEAM = Z93M95VE4P;
				ENABLE_BITCODE = NO;
				FRAMEWORK_SEARCH_PATHS = (
					"$(inherited)",
					"$(PROJECT_DIR)/BeautifulName",
					"$(PROJECT_DIR)/BeautifulName/Componentized",
					"$(PROJECT_DIR)/BeautifulName/Componentized/ClassExtension",
				);
				GCC_PREFIX_HEADER = "$(SRCROOT)/BeautifulName/Componentized/PrefixHeader/PrefixHeader.pch";
				INFOPLIST_FILE = BeautifulName/Info.plist;
				IPHONEOS_DEPLOYMENT_TARGET = 10.0;
				LD_RUNPATH_SEARCH_PATHS = (
					"$(inherited)",
					"@executable_path/Frameworks",
				);
				PRODUCT_BUNDLE_IDENTIFIER = paul.beautifulname;
				PRODUCT_NAME = "$(TARGET_NAME)";
				PROVISIONING_PROFILE_SPECIFIER = BeautifulName_adhoc;
				TARGETED_DEVICE_FAMILY = "1,2";
			};
			name = Release;
		};
/* End XCBuildConfiguration section */

/* Begin XCConfigurationList section */
		3A984C5D2226BC6000E5BF16 /* Build configuration list for PBXProject "BeautifulName" */ = {
			isa = XCConfigurationList;
			buildConfigurations = (
				3A984C762226BC6200E5BF16 /* Debug */,
				3A984C772226BC6200E5BF16 /* Release */,
			);
			defaultConfigurationIsVisible = 0;
			defaultConfigurationName = Release;
		};
		3A984C782226BC6200E5BF16 /* Build configuration list for PBXNativeTarget "BeautifulName" */ = {
			isa = XCConfigurationList;
			buildConfigurations = (
				3A984C792226BC6200E5BF16 /* Debug */,
				3A984C7A2226BC6200E5BF16 /* Release */,
			);
			defaultConfigurationIsVisible = 0;
			defaultConfigurationName = Release;
		};
/* End XCConfigurationList section */
	};
	rootObject = 3A984C5A2226BC6000E5BF16 /* Project object */;
}
